
Microsoft Visual Studio Solution File, Format Version 12.00
# Visual Studio Version 17
VisualStudioVersion = 17.12.35527.113
MinimumVisualStudioVersion = 10.0.40219.1
Project("{2150E333-8FDC-42A3-9474-1A3956D46DE8}") = "root", "root", "{4C35FC4D-8587-4406-A1A3-9947101FBA71}"
	ProjectSection(SolutionItems) = preProject
		build.cmd = build.cmd
		build.ps1 = build.ps1
		build.sh = build.sh
		Directory.Build.props = Directory.Build.props
		LICENSE = LICENSE
		README.md = README.md
		TermsOfUse.md = TermsOfUse.md
	EndProjectSection
EndProject
Project("{9A19103F-16F7-4668-BE54-9A1E7A4F7556}") = "build", "build\build.csproj", "{6195A1E1-AE3A-44A1-8B6C-7E57100117FD}"
EndProject
Project("{FAE04EC0-301F-11D3-BF4B-00C04F79EFBC}") = "NetSonar.Avalonia", "src\NetSonar\NetSonar.Avalonia.csproj", "{57443B75-9DC5-4C8D-A97B-96911B4D3411}"
EndProject
Project("{FAE04EC0-301F-11D3-BF4B-00C04F79EFBC}") = "NetSonar.Desktop", "src\NetSonar.Desktop\NetSonar.Desktop.csproj", "{3802D770-EEA3-4ED1-9013-F75F5429D7B9}"
EndProject
Project("{B7DD6F7E-DEF8-4E67-B5B7-07EF123DB6F0}") = "NetSonar.MsiInstaller", "src\NetSonar.MsiInstaller\NetSonar.MsiInstaller.wixproj", "{0D0DC0F4-6B48-44FC-ACB8-13509FA23CBA}"
	ProjectSection(ProjectDependencies) = postProject
		{3802D770-EEA3-4ED1-9013-F75F5429D7B9} = {3802D770-EEA3-4ED1-9013-F75F5429D7B9}
		{57443B75-9DC5-4C8D-A97B-96911B4D3411} = {57443B75-9DC5-4C8D-A97B-96911B4D3411}
	EndProjectSection
EndProject
Global
	GlobalSection(SolutionConfigurationPlatforms) = preSolution
		Debug|Any CPU = Debug|Any CPU
		Debug|ARM64 = Debug|ARM64
		Debug|x64 = Debug|x64
		Debug|x86 = Debug|x86
		Release|Any CPU = Release|Any CPU
		Release|ARM64 = Release|ARM64
		Release|x64 = Release|x64
		Release|x86 = Release|x86
	EndGlobalSection
	GlobalSection(ProjectConfigurationPlatforms) = postSolution
		{6195A1E1-AE3A-44A1-8B6C-7E57100117FD}.Debug|Any CPU.ActiveCfg = Debug|Any CPU
		{6195A1E1-AE3A-44A1-8B6C-7E57100117FD}.Debug|ARM64.ActiveCfg = Debug|Any CPU
		{6195A1E1-AE3A-44A1-8B6C-7E57100117FD}.Debug|ARM64.Build.0 = Debug|Any CPU
		{6195A1E1-AE3A-44A1-8B6C-7E57100117FD}.Debug|x64.ActiveCfg = Debug|Any CPU
		{6195A1E1-AE3A-44A1-8B6C-7E57100117FD}.Debug|x64.Build.0 = Debug|Any CPU
		{6195A1E1-AE3A-44A1-8B6C-7E57100117FD}.Debug|x86.ActiveCfg = Debug|Any CPU
		{6195A1E1-AE3A-44A1-8B6C-7E57100117FD}.Debug|x86.Build.0 = Debug|Any CPU
		{6195A1E1-AE3A-44A1-8B6C-7E57100117FD}.Release|Any CPU.ActiveCfg = Release|Any CPU
		{6195A1E1-AE3A-44A1-8B6C-7E57100117FD}.Release|ARM64.ActiveCfg = Release|Any CPU
		{6195A1E1-AE3A-44A1-8B6C-7E57100117FD}.Release|ARM64.Build.0 = Release|Any CPU
		{6195A1E1-AE3A-44A1-8B6C-7E57100117FD}.Release|x64.ActiveCfg = Release|Any CPU
		{6195A1E1-AE3A-44A1-8B6C-7E57100117FD}.Release|x64.Build.0 = Release|Any CPU
		{6195A1E1-AE3A-44A1-8B6C-7E57100117FD}.Release|x86.ActiveCfg = Release|Any CPU
		{6195A1E1-AE3A-44A1-8B6C-7E57100117FD}.Release|x86.Build.0 = Release|Any CPU
		{57443B75-9DC5-4C8D-A97B-96911B4D3411}.Debug|Any CPU.ActiveCfg = Debug|Any CPU
		{57443B75-9DC5-4C8D-A97B-96911B4D3411}.Debug|Any CPU.Build.0 = Debug|Any CPU
		{57443B75-9DC5-4C8D-A97B-96911B4D3411}.Debug|ARM64.ActiveCfg = Debug|Any CPU
		{57443B75-9DC5-4C8D-A97B-96911B4D3411}.Debug|ARM64.Build.0 = Debug|Any CPU
		{57443B75-9DC5-4C8D-A97B-96911B4D3411}.Debug|x64.ActiveCfg = Debug|Any CPU
		{57443B75-9DC5-4C8D-A97B-96911B4D3411}.Debug|x64.Build.0 = Debug|Any CPU
		{57443B75-9DC5-4C8D-A97B-96911B4D3411}.Debug|x86.ActiveCfg = Debug|Any CPU
		{57443B75-9DC5-4C8D-A97B-96911B4D3411}.Debug|x86.Build.0 = Debug|Any CPU
		{57443B75-9DC5-4C8D-A97B-96911B4D3411}.Release|Any CPU.ActiveCfg = Release|Any CPU
		{57443B75-9DC5-4C8D-A97B-96911B4D3411}.Release|Any CPU.Build.0 = Release|Any CPU
		{57443B75-9DC5-4C8D-A97B-96911B4D3411}.Release|ARM64.ActiveCfg = Release|Any CPU
		{57443B75-9DC5-4C8D-A97B-96911B4D3411}.Release|ARM64.Build.0 = Release|Any CPU
		{57443B75-9DC5-4C8D-A97B-96911B4D3411}.Release|x64.ActiveCfg = Release|Any CPU
		{57443B75-9DC5-4C8D-A97B-96911B4D3411}.Release|x64.Build.0 = Release|Any CPU
		{57443B75-9DC5-4C8D-A97B-96911B4D3411}.Release|x86.ActiveCfg = Release|Any CPU
		{57443B75-9DC5-4C8D-A97B-96911B4D3411}.Release|x86.Build.0 = Release|Any CPU
		{3802D770-EEA3-4ED1-9013-F75F5429D7B9}.Debug|Any CPU.ActiveCfg = Debug|Any CPU
		{3802D770-EEA3-4ED1-9013-F75F5429D7B9}.Debug|Any CPU.Build.0 = Debug|Any CPU
		{3802D770-EEA3-4ED1-9013-F75F5429D7B9}.Debug|ARM64.ActiveCfg = Debug|Any CPU
		{3802D770-EEA3-4ED1-9013-F75F5429D7B9}.Debug|ARM64.Build.0 = Debug|Any CPU
		{3802D770-EEA3-4ED1-9013-F75F5429D7B9}.Debug|x64.ActiveCfg = Debug|Any CPU
		{3802D770-EEA3-4ED1-9013-F75F5429D7B9}.Debug|x64.Build.0 = Debug|Any CPU
		{3802D770-EEA3-4ED1-9013-F75F5429D7B9}.Debug|x86.ActiveCfg = Debug|Any CPU
		{3802D770-EEA3-4ED1-9013-F75F5429D7B9}.Debug|x86.Build.0 = Debug|Any CPU
		{3802D770-EEA3-4ED1-9013-F75F5429D7B9}.Release|Any CPU.ActiveCfg = Release|Any CPU
		{3802D770-EEA3-4ED1-9013-F75F5429D7B9}.Release|Any CPU.Build.0 = Release|Any CPU
		{3802D770-EEA3-4ED1-9013-F75F5429D7B9}.Release|ARM64.ActiveCfg = Release|Any CPU
		{3802D770-EEA3-4ED1-9013-F75F5429D7B9}.Release|ARM64.Build.0 = Release|Any CPU
		{3802D770-EEA3-4ED1-9013-F75F5429D7B9}.Release|x64.ActiveCfg = Release|Any CPU
		{3802D770-EEA3-4ED1-9013-F75F5429D7B9}.Release|x64.Build.0 = Release|Any CPU
		{3802D770-EEA3-4ED1-9013-F75F5429D7B9}.Release|x86.ActiveCfg = Release|Any CPU
		{3802D770-EEA3-4ED1-9013-F75F5429D7B9}.Release|x86.Build.0 = Release|Any CPU
		{0D0DC0F4-6B48-44FC-ACB8-13509FA23CBA}.Debug|Any CPU.ActiveCfg = Debug|x64
		{0D0DC0F4-6B48-44FC-ACB8-13509FA23CBA}.Debug|ARM64.ActiveCfg = Debug|ARM64
		{0D0DC0F4-6B48-44FC-ACB8-13509FA23CBA}.Debug|ARM64.Build.0 = Debug|ARM64
		{0D0DC0F4-6B48-44FC-ACB8-13509FA23CBA}.Debug|x64.ActiveCfg = Debug|x64
		{0D0DC0F4-6B48-44FC-ACB8-13509FA23CBA}.Debug|x64.Build.0 = Debug|x64
		{0D0DC0F4-6B48-44FC-ACB8-13509FA23CBA}.Debug|x86.ActiveCfg = Debug|x86
		{0D0DC0F4-6B48-44FC-ACB8-13509FA23CBA}.Debug|x86.Build.0 = Debug|x86
		{0D0DC0F4-6B48-44FC-ACB8-13509FA23CBA}.Release|Any CPU.ActiveCfg = Release|x64
		{0D0DC0F4-6B48-44FC-ACB8-13509FA23CBA}.Release|ARM64.ActiveCfg = Release|ARM64
		{0D0DC0F4-6B48-44FC-ACB8-13509FA23CBA}.Release|ARM64.Build.0 = Release|ARM64
		{0D0DC0F4-6B48-44FC-ACB8-13509FA23CBA}.Release|x64.ActiveCfg = Release|x64
		{0D0DC0F4-6B48-44FC-ACB8-13509FA23CBA}.Release|x64.Build.0 = Release|x64
		{0D0DC0F4-6B48-44FC-ACB8-13509FA23CBA}.Release|x86.ActiveCfg = Release|x86
		{0D0DC0F4-6B48-44FC-ACB8-13509FA23CBA}.Release|x86.Build.0 = Release|x86
	EndGlobalSection
	GlobalSection(SolutionProperties) = preSolution
		HideSolutionNode = FALSE
	EndGlobalSection
	GlobalSection(ExtensibilityGlobals) = postSolution
		SolutionGuid = {0C67B3AA-7776-443A-9F69-60F2F6E4A8D5}
	EndGlobalSection
EndGlobal
